PODS:
  - VonageClientSDKVoice (0.1.5-alpha.8):
    - VonageWebRTC (~> 99.2.39)
  - VonageWebRTC (99.2.39)

DEPENDENCIES:
  - VonageClientSDKVoice (= 0.1.5-alpha.8)

SPEC REPOS:
  trunk:
    - VonageClientSDKVoice
    - VonageWebRTC

SPEC CHECKSUMS:
  VonageClientSDKVoice: d004974cf679a2475823176dedd98c468b941864
  VonageWebRTC: 4b57187170ef4ea435006e932600646a0521d6b0

PODFILE CHECKSUM: 1c92125a2aed5f6900b197dbf91c7607f75460b8

COCOAPODS: 1.11.3
